
Microsoft Visual Studio Solution File, Format Version 12.00
# Visual Studio Version 16
VisualStudioVersion = 16.0.30503.244
MinimumVisualStudioVersion = 10.0.40219.1
Project("{FAE04EC0-301F-11D3-BF4B-00C04F79EFBC}") = "1. Furniture", "RegexExercises\1. Furniture.csproj", "{46FC0143-D8DC-4491-A75F-480D7388237F}"
EndProject
Project("{FAE04EC0-301F-11D3-BF4B-00C04F79EFBC}") = "2.Race", "2.Race\2.Race.csproj", "{5B6D52FF-18D3-48DC-BD1E-9C5D4AD3CD83}"
EndProject
Project("{FAE04EC0-301F-11D3-BF4B-00C04F79EFBC}") = "3.SoftUniBarIncome", "3.SoftUniBarIncome\3.SoftUniBarIncome.csproj", "{83B63EB7-1A3D-4718-A37B-3E963AC3CFC0}"
EndProject
Project("{FAE04EC0-301F-11D3-BF4B-00C04F79EFBC}") = "4.StarEnigma", "4.StarEnigma\4.StarEnigma.csproj", "{0BEBDD0C-D6A8-4552-8392-C0F057945AC2}"
EndProject
Project("{FAE04EC0-301F-11D3-BF4B-00C04F79EFBC}") = "5.NetherRealms", "5.NetherRealms\5.NetherRealms.csproj", "{B0FA76C3-C8E1-47BE-A425-3A27A6F4978F}"
EndProject
Project("{FAE04EC0-301F-11D3-BF4B-00C04F79EFBC}") = "6.NetherRealms", "6.NetherRealms\6.NetherRealms.csproj", "{55254478-6ED5-401B-BCD3-68AF2EDD3F48}"
EndProject
Global
	GlobalSection(SolutionConfigurationPlatforms) = preSolution
		Debug|Any CPU = Debug|Any CPU
		Release|Any CPU = Release|Any CPU
	EndGlobalSection
	GlobalSection(ProjectConfigurationPlatforms) = postSolution
		{46FC0143-D8DC-4491-A75F-480D7388237F}.Debug|Any CPU.ActiveCfg = Debug|Any CPU
		{46FC0143-D8DC-4491-A75F-480D7388237F}.Debug|Any CPU.Build.0 = Debug|Any CPU
		{46FC0143-D8DC-4491-A75F-480D7388237F}.Release|Any CPU.ActiveCfg = Release|Any CPU
		{46FC0143-D8DC-4491-A75F-480D7388237F}.Release|Any CPU.Build.0 = Release|Any CPU
		{5B6D52FF-18D3-48DC-BD1E-9C5D4AD3CD83}.Debug|Any CPU.ActiveCfg = Debug|Any CPU
		{5B6D52FF-18D3-48DC-BD1E-9C5D4AD3CD83}.Debug|Any CPU.Build.0 = Debug|Any CPU
		{5B6D52FF-18D3-48DC-BD1E-9C5D4AD3CD83}.Release|Any CPU.ActiveCfg = Release|Any CPU
		{5B6D52FF-18D3-48DC-BD1E-9C5D4AD3CD83}.Release|Any CPU.Build.0 = Release|Any CPU
		{83B63EB7-1A3D-4718-A37B-3E963AC3CFC0}.Debug|Any CPU.ActiveCfg = Debug|Any CPU
		{83B63EB7-1A3D-4718-A37B-3E963AC3CFC0}.Debug|Any CPU.Build.0 = Debug|Any CPU
		{83B63EB7-1A3D-4718-A37B-3E963AC3CFC0}.Release|Any CPU.ActiveCfg = Release|Any CPU
		{83B63EB7-1A3D-4718-A37B-3E963AC3CFC0}.Release|Any CPU.Build.0 = Release|Any CPU
		{0BEBDD0C-D6A8-4552-8392-C0F057945AC2}.Debug|Any CPU.ActiveCfg = Debug|Any CPU
		{0BEBDD0C-D6A8-4552-8392-C0F057945AC2}.Debug|Any CPU.Build.0 = Debug|Any CPU
		{0BEBDD0C-D6A8-4552-8392-C0F057945AC2}.Release|Any CPU.ActiveCfg = Release|Any CPU
		{0BEBDD0C-D6A8-4552-8392-C0F057945AC2}.Release|Any CPU.Build.0 = Release|Any CPU
		{B0FA76C3-C8E1-47BE-A425-3A27A6F4978F}.Debug|Any CPU.ActiveCfg = Debug|Any CPU
		{B0FA76C3-C8E1-47BE-A425-3A27A6F4978F}.Debug|Any CPU.Build.0 = Debug|Any CPU
		{B0FA76C3-C8E1-47BE-A425-3A27A6F4978F}.Release|Any CPU.ActiveCfg = Release|Any CPU
		{B0FA76C3-C8E1-47BE-A425-3A27A6F4978F}.Release|Any CPU.Build.0 = Release|Any CPU
		{55254478-6ED5-401B-BCD3-68AF2EDD3F48}.Debug|Any CPU.ActiveCfg = Debug|Any CPU
		{55254478-6ED5-401B-BCD3-68AF2EDD3F48}.Debug|Any CPU.Build.0 = Debug|Any CPU
		{55254478-6ED5-401B-BCD3-68AF2EDD3F48}.Release|Any CPU.ActiveCfg = Release|Any CPU
		{55254478-6ED5-401B-BCD3-68AF2EDD3F48}.Release|Any CPU.Build.0 = Release|Any CPU
	EndGlobalSection
	GlobalSection(SolutionProperties) = preSolution
		HideSolutionNode = FALSE
	EndGlobalSection
	GlobalSection(ExtensibilityGlobals) = postSolution
		SolutionGuid = {1B81D673-D6B5-4F16-BD0E-D34FFBE9E82A}
	EndGlobalSection
EndGlobal
