
Microsoft Visual Studio Solution File, Format Version 12.00
# Visual Studio Version 16
VisualStudioVersion = 16.0.30503.244
MinimumVisualStudioVersion = 10.0.40219.1
Project("{FAE04EC0-301F-11D3-BF4B-00C04F79EFBC}") = "01. Sort Even Numbers", "Functional Programming - Lab\01. Sort Even Numbers.csproj", "{3AA437A8-33AB-4836-8400-D05D79DB711F}"
EndProject
Project("{FAE04EC0-301F-11D3-BF4B-00C04F79EFBC}") = "02. Sum Numbers", "02. Sum Numbers\02. Sum Numbers.csproj", "{352D4B80-E498-43E6-B372-F49E8AA47551}"
EndProject
Project("{FAE04EC0-301F-11D3-BF4B-00C04F79EFBC}") = "03. Count Uppercase Words", "03. Count Uppercase Words\03. Count Uppercase Words.csproj", "{1078474E-7317-4F3B-90FF-DAB0382C51D7}"
EndProject
Project("{FAE04EC0-301F-11D3-BF4B-00C04F79EFBC}") = "04. Add VAT", "04. Add VAT\04. Add VAT.csproj", "{477FBA91-E3C9-4EDA-AE42-D631BA996361}"
EndProject
Project("{FAE04EC0-301F-11D3-BF4B-00C04F79EFBC}") = "05. Filter By Age", "05. Filter By Age\05. Filter By Age.csproj", "{21F04898-4DED-4F40-B432-B60F7801A825}"
EndProject
Global
	GlobalSection(SolutionConfigurationPlatforms) = preSolution
		Debug|Any CPU = Debug|Any CPU
		Release|Any CPU = Release|Any CPU
	EndGlobalSection
	GlobalSection(ProjectConfigurationPlatforms) = postSolution
		{3AA437A8-33AB-4836-8400-D05D79DB711F}.Debug|Any CPU.ActiveCfg = Debug|Any CPU
		{3AA437A8-33AB-4836-8400-D05D79DB711F}.Debug|Any CPU.Build.0 = Debug|Any CPU
		{3AA437A8-33AB-4836-8400-D05D79DB711F}.Release|Any CPU.ActiveCfg = Release|Any CPU
		{3AA437A8-33AB-4836-8400-D05D79DB711F}.Release|Any CPU.Build.0 = Release|Any CPU
		{352D4B80-E498-43E6-B372-F49E8AA47551}.Debug|Any CPU.ActiveCfg = Debug|Any CPU
		{352D4B80-E498-43E6-B372-F49E8AA47551}.Debug|Any CPU.Build.0 = Debug|Any CPU
		{352D4B80-E498-43E6-B372-F49E8AA47551}.Release|Any CPU.ActiveCfg = Release|Any CPU
		{352D4B80-E498-43E6-B372-F49E8AA47551}.Release|Any CPU.Build.0 = Release|Any CPU
		{1078474E-7317-4F3B-90FF-DAB0382C51D7}.Debug|Any CPU.ActiveCfg = Debug|Any CPU
		{1078474E-7317-4F3B-90FF-DAB0382C51D7}.Debug|Any CPU.Build.0 = Debug|Any CPU
		{1078474E-7317-4F3B-90FF-DAB0382C51D7}.Release|Any CPU.ActiveCfg = Release|Any CPU
		{1078474E-7317-4F3B-90FF-DAB0382C51D7}.Release|Any CPU.Build.0 = Release|Any CPU
		{477FBA91-E3C9-4EDA-AE42-D631BA996361}.Debug|Any CPU.ActiveCfg = Debug|Any CPU
		{477FBA91-E3C9-4EDA-AE42-D631BA996361}.Debug|Any CPU.Build.0 = Debug|Any CPU
		{477FBA91-E3C9-4EDA-AE42-D631BA996361}.Release|Any CPU.ActiveCfg = Release|Any CPU
		{477FBA91-E3C9-4EDA-AE42-D631BA996361}.Release|Any CPU.Build.0 = Release|Any CPU
		{21F04898-4DED-4F40-B432-B60F7801A825}.Debug|Any CPU.ActiveCfg = Debug|Any CPU
		{21F04898-4DED-4F40-B432-B60F7801A825}.Debug|Any CPU.Build.0 = Debug|Any CPU
		{21F04898-4DED-4F40-B432-B60F7801A825}.Release|Any CPU.ActiveCfg = Release|Any CPU
		{21F04898-4DED-4F40-B432-B60F7801A825}.Release|Any CPU.Build.0 = Release|Any CPU
	EndGlobalSection
	GlobalSection(SolutionProperties) = preSolution
		HideSolutionNode = FALSE
	EndGlobalSection
	GlobalSection(ExtensibilityGlobals) = postSolution
		SolutionGuid = {958F9841-2818-4952-B118-023F208C1E2D}
	EndGlobalSection
EndGlobal
