
Microsoft Visual Studio Solution File, Format Version 12.00
# Visual Studio Version 16
VisualStudioVersion = 16.0.30503.244
MinimumVisualStudioVersion = 10.0.40219.1
Project("{FAE04EC0-301F-11D3-BF4B-00C04F79EFBC}") = "SpaceShipCrafting", "ExamPreparationOctober2019\SpaceShipCrafting.csproj", "{C9FAD165-97AC-4391-ADD0-EA67705D5AE0}"
EndProject
Project("{FAE04EC0-301F-11D3-BF4B-00C04F79EFBC}") = "SpaceStationRecruitment", "SpaceStationRecruitment\SpaceStationRecruitment.csproj", "{FBC5BB8C-57C2-4A84-9FAA-4402F48501EF}"
EndProject
Project("{FAE04EC0-301F-11D3-BF4B-00C04F79EFBC}") = "SpaceStationEstablishment", "SpaceStationEstablishment\SpaceStationEstablishment.csproj", "{128EFBE9-3F36-40F3-9787-20EBD80BCA06}"
EndProject
Global
	GlobalSection(SolutionConfigurationPlatforms) = preSolution
		Debug|Any CPU = Debug|Any CPU
		Release|Any CPU = Release|Any CPU
	EndGlobalSection
	GlobalSection(ProjectConfigurationPlatforms) = postSolution
		{C9FAD165-97AC-4391-ADD0-EA67705D5AE0}.Debug|Any CPU.ActiveCfg = Debug|Any CPU
		{C9FAD165-97AC-4391-ADD0-EA67705D5AE0}.Debug|Any CPU.Build.0 = Debug|Any CPU
		{C9FAD165-97AC-4391-ADD0-EA67705D5AE0}.Release|Any CPU.ActiveCfg = Release|Any CPU
		{C9FAD165-97AC-4391-ADD0-EA67705D5AE0}.Release|Any CPU.Build.0 = Release|Any CPU
		{FBC5BB8C-57C2-4A84-9FAA-4402F48501EF}.Debug|Any CPU.ActiveCfg = Debug|Any CPU
		{FBC5BB8C-57C2-4A84-9FAA-4402F48501EF}.Debug|Any CPU.Build.0 = Debug|Any CPU
		{FBC5BB8C-57C2-4A84-9FAA-4402F48501EF}.Release|Any CPU.ActiveCfg = Release|Any CPU
		{FBC5BB8C-57C2-4A84-9FAA-4402F48501EF}.Release|Any CPU.Build.0 = Release|Any CPU
		{128EFBE9-3F36-40F3-9787-20EBD80BCA06}.Debug|Any CPU.ActiveCfg = Debug|Any CPU
		{128EFBE9-3F36-40F3-9787-20EBD80BCA06}.Debug|Any CPU.Build.0 = Debug|Any CPU
		{128EFBE9-3F36-40F3-9787-20EBD80BCA06}.Release|Any CPU.ActiveCfg = Release|Any CPU
		{128EFBE9-3F36-40F3-9787-20EBD80BCA06}.Release|Any CPU.Build.0 = Release|Any CPU
	EndGlobalSection
	GlobalSection(SolutionProperties) = preSolution
		HideSolutionNode = FALSE
	EndGlobalSection
	GlobalSection(ExtensibilityGlobals) = postSolution
		SolutionGuid = {240B3ED3-C406-41B9-94D1-041A33F831E5}
	EndGlobalSection
EndGlobal
