
Microsoft Visual Studio Solution File, Format Version 12.00
# Visual Studio Version 16
VisualStudioVersion = 16.0.30503.244
MinimumVisualStudioVersion = 10.0.40219.1
Project("{FAE04EC0-301F-11D3-BF4B-00C04F79EFBC}") = "01. Action Print", "Functional Programming - Exercise\01. Action Print.csproj", "{935A03DB-C169-472A-9907-CC442496023B}"
EndProject
Project("{FAE04EC0-301F-11D3-BF4B-00C04F79EFBC}") = "02. Knights of Honor", "02. Knights of Honor\02. Knights of Honor.csproj", "{CE121F82-41BF-4BEA-9CDF-8B1C95FC1831}"
EndProject
Project("{FAE04EC0-301F-11D3-BF4B-00C04F79EFBC}") = "03. Custom Min Function", "03. Custom Min Function\03. Custom Min Function.csproj", "{99BFE505-92EF-4B33-979E-D384238C290B}"
EndProject
Project("{FAE04EC0-301F-11D3-BF4B-00C04F79EFBC}") = "04. FindEvensOrOdds", "04. FindEvensOrOdds\04. FindEvensOrOdds.csproj", "{06E617A2-676E-433B-89DF-6CBD9500183C}"
EndProject
Project("{FAE04EC0-301F-11D3-BF4B-00C04F79EFBC}") = "05.AppliedArithmetics", "05.AppliedArithmetics\05.AppliedArithmetics.csproj", "{483409A2-CB91-4AD3-9D0F-E4778CCBA169}"
EndProject
Project("{FAE04EC0-301F-11D3-BF4B-00C04F79EFBC}") = "06.ReverseAndExclude", "06.ReverseAndExclude\06.ReverseAndExclude.csproj", "{82E658C2-6C24-41E0-B442-82764586CB97}"
EndProject
Project("{FAE04EC0-301F-11D3-BF4B-00C04F79EFBC}") = "07.PredicateFOrNames", "07.PredicateFOrNames\07.PredicateFOrNames.csproj", "{4A25E59D-8625-4D5B-B790-2DA075273565}"
EndProject
Project("{FAE04EC0-301F-11D3-BF4B-00C04F79EFBC}") = "08.CustomComparator", "08.CustomComparator\08.CustomComparator.csproj", "{20651F5D-7653-482B-8D4E-27A1F0149BC8}"
EndProject
Project("{FAE04EC0-301F-11D3-BF4B-00C04F79EFBC}") = "09.ListOfPredicates", "09.ListOfPredicates\09.ListOfPredicates.csproj", "{2FBD8EE3-CE63-4C4F-A101-1D02C7DCEAFC}"
EndProject
Project("{FAE04EC0-301F-11D3-BF4B-00C04F79EFBC}") = "10.PredicateParty!", "10.PredicateParty!\10.PredicateParty!.csproj", "{29598A32-9A64-4E91-8C67-87A660CB674A}"
EndProject
Project("{FAE04EC0-301F-11D3-BF4B-00C04F79EFBC}") = "11.ThePartyReservationFilterModule", "11.ThePartyReservationFilterModule\11.ThePartyReservationFilterModule.csproj", "{A484157E-CEA9-4530-AC97-85CDCBEF8F3F}"
EndProject
Project("{FAE04EC0-301F-11D3-BF4B-00C04F79EFBC}") = "12.TriFunction", "12.TriFunction\12.TriFunction.csproj", "{E9E277BC-FEB1-4337-95CE-91F23E87D8FE}"
EndProject
Global
	GlobalSection(SolutionConfigurationPlatforms) = preSolution
		Debug|Any CPU = Debug|Any CPU
		Release|Any CPU = Release|Any CPU
	EndGlobalSection
	GlobalSection(ProjectConfigurationPlatforms) = postSolution
		{935A03DB-C169-472A-9907-CC442496023B}.Debug|Any CPU.ActiveCfg = Debug|Any CPU
		{935A03DB-C169-472A-9907-CC442496023B}.Debug|Any CPU.Build.0 = Debug|Any CPU
		{935A03DB-C169-472A-9907-CC442496023B}.Release|Any CPU.ActiveCfg = Release|Any CPU
		{935A03DB-C169-472A-9907-CC442496023B}.Release|Any CPU.Build.0 = Release|Any CPU
		{CE121F82-41BF-4BEA-9CDF-8B1C95FC1831}.Debug|Any CPU.ActiveCfg = Debug|Any CPU
		{CE121F82-41BF-4BEA-9CDF-8B1C95FC1831}.Debug|Any CPU.Build.0 = Debug|Any CPU
		{CE121F82-41BF-4BEA-9CDF-8B1C95FC1831}.Release|Any CPU.ActiveCfg = Release|Any CPU
		{CE121F82-41BF-4BEA-9CDF-8B1C95FC1831}.Release|Any CPU.Build.0 = Release|Any CPU
		{99BFE505-92EF-4B33-979E-D384238C290B}.Debug|Any CPU.ActiveCfg = Debug|Any CPU
		{99BFE505-92EF-4B33-979E-D384238C290B}.Debug|Any CPU.Build.0 = Debug|Any CPU
		{99BFE505-92EF-4B33-979E-D384238C290B}.Release|Any CPU.ActiveCfg = Release|Any CPU
		{99BFE505-92EF-4B33-979E-D384238C290B}.Release|Any CPU.Build.0 = Release|Any CPU
		{06E617A2-676E-433B-89DF-6CBD9500183C}.Debug|Any CPU.ActiveCfg = Debug|Any CPU
		{06E617A2-676E-433B-89DF-6CBD9500183C}.Debug|Any CPU.Build.0 = Debug|Any CPU
		{06E617A2-676E-433B-89DF-6CBD9500183C}.Release|Any CPU.ActiveCfg = Release|Any CPU
		{06E617A2-676E-433B-89DF-6CBD9500183C}.Release|Any CPU.Build.0 = Release|Any CPU
		{483409A2-CB91-4AD3-9D0F-E4778CCBA169}.Debug|Any CPU.ActiveCfg = Debug|Any CPU
		{483409A2-CB91-4AD3-9D0F-E4778CCBA169}.Debug|Any CPU.Build.0 = Debug|Any CPU
		{483409A2-CB91-4AD3-9D0F-E4778CCBA169}.Release|Any CPU.ActiveCfg = Release|Any CPU
		{483409A2-CB91-4AD3-9D0F-E4778CCBA169}.Release|Any CPU.Build.0 = Release|Any CPU
		{82E658C2-6C24-41E0-B442-82764586CB97}.Debug|Any CPU.ActiveCfg = Debug|Any CPU
		{82E658C2-6C24-41E0-B442-82764586CB97}.Debug|Any CPU.Build.0 = Debug|Any CPU
		{82E658C2-6C24-41E0-B442-82764586CB97}.Release|Any CPU.ActiveCfg = Release|Any CPU
		{82E658C2-6C24-41E0-B442-82764586CB97}.Release|Any CPU.Build.0 = Release|Any CPU
		{4A25E59D-8625-4D5B-B790-2DA075273565}.Debug|Any CPU.ActiveCfg = Debug|Any CPU
		{4A25E59D-8625-4D5B-B790-2DA075273565}.Debug|Any CPU.Build.0 = Debug|Any CPU
		{4A25E59D-8625-4D5B-B790-2DA075273565}.Release|Any CPU.ActiveCfg = Release|Any CPU
		{4A25E59D-8625-4D5B-B790-2DA075273565}.Release|Any CPU.Build.0 = Release|Any CPU
		{20651F5D-7653-482B-8D4E-27A1F0149BC8}.Debug|Any CPU.ActiveCfg = Debug|Any CPU
		{20651F5D-7653-482B-8D4E-27A1F0149BC8}.Debug|Any CPU.Build.0 = Debug|Any CPU
		{20651F5D-7653-482B-8D4E-27A1F0149BC8}.Release|Any CPU.ActiveCfg = Release|Any CPU
		{20651F5D-7653-482B-8D4E-27A1F0149BC8}.Release|Any CPU.Build.0 = Release|Any CPU
		{2FBD8EE3-CE63-4C4F-A101-1D02C7DCEAFC}.Debug|Any CPU.ActiveCfg = Debug|Any CPU
		{2FBD8EE3-CE63-4C4F-A101-1D02C7DCEAFC}.Debug|Any CPU.Build.0 = Debug|Any CPU
		{2FBD8EE3-CE63-4C4F-A101-1D02C7DCEAFC}.Release|Any CPU.ActiveCfg = Release|Any CPU
		{2FBD8EE3-CE63-4C4F-A101-1D02C7DCEAFC}.Release|Any CPU.Build.0 = Release|Any CPU
		{29598A32-9A64-4E91-8C67-87A660CB674A}.Debug|Any CPU.ActiveCfg = Debug|Any CPU
		{29598A32-9A64-4E91-8C67-87A660CB674A}.Debug|Any CPU.Build.0 = Debug|Any CPU
		{29598A32-9A64-4E91-8C67-87A660CB674A}.Release|Any CPU.ActiveCfg = Release|Any CPU
		{29598A32-9A64-4E91-8C67-87A660CB674A}.Release|Any CPU.Build.0 = Release|Any CPU
		{A484157E-CEA9-4530-AC97-85CDCBEF8F3F}.Debug|Any CPU.ActiveCfg = Debug|Any CPU
		{A484157E-CEA9-4530-AC97-85CDCBEF8F3F}.Debug|Any CPU.Build.0 = Debug|Any CPU
		{A484157E-CEA9-4530-AC97-85CDCBEF8F3F}.Release|Any CPU.ActiveCfg = Release|Any CPU
		{A484157E-CEA9-4530-AC97-85CDCBEF8F3F}.Release|Any CPU.Build.0 = Release|Any CPU
		{E9E277BC-FEB1-4337-95CE-91F23E87D8FE}.Debug|Any CPU.ActiveCfg = Debug|Any CPU
		{E9E277BC-FEB1-4337-95CE-91F23E87D8FE}.Debug|Any CPU.Build.0 = Debug|Any CPU
		{E9E277BC-FEB1-4337-95CE-91F23E87D8FE}.Release|Any CPU.ActiveCfg = Release|Any CPU
		{E9E277BC-FEB1-4337-95CE-91F23E87D8FE}.Release|Any CPU.Build.0 = Release|Any CPU
	EndGlobalSection
	GlobalSection(SolutionProperties) = preSolution
		HideSolutionNode = FALSE
	EndGlobalSection
	GlobalSection(ExtensibilityGlobals) = postSolution
		SolutionGuid = {A9EA0C99-BA55-49BD-A734-4981C26DEAA4}
	EndGlobalSection
EndGlobal
