
Microsoft Visual Studio Solution File, Format Version 12.00
# Visual Studio Version 16
VisualStudioVersion = 16.0.30503.244
MinimumVisualStudioVersion = 10.0.40219.1
Project("{FAE04EC0-301F-11D3-BF4B-00C04F79EFBC}") = "1. Person", "ExerciseInheritance\1. Person.csproj", "{0820A444-D532-4F4D-A7A7-9D5912C19441}"
EndProject
Project("{FAE04EC0-301F-11D3-BF4B-00C04F79EFBC}") = "2.Zoo", "2.Zoo\2.Zoo.csproj", "{13E90743-19AC-4DDE-9D10-1EEB395F1CFD}"
EndProject
Project("{FAE04EC0-301F-11D3-BF4B-00C04F79EFBC}") = "3.PlayersAndMonsters", "3.PlayersAndMonsters\3.PlayersAndMonsters.csproj", "{FB7DC2E7-3FA2-4496-B377-DD8D67F81EC3}"
EndProject
Project("{FAE04EC0-301F-11D3-BF4B-00C04F79EFBC}") = "4.NeedForSpeed", "4.NeedForSpeed\4.NeedForSpeed.csproj", "{F8CC9C11-B8C3-4CA2-839B-CE3249F62AB6}"
EndProject
Project("{FAE04EC0-301F-11D3-BF4B-00C04F79EFBC}") = "Resturant", "Resturant\Resturant.csproj", "{E3B93AE4-862E-4B3C-8CE0-2331C361B553}"
EndProject
Project("{FAE04EC0-301F-11D3-BF4B-00C04F79EFBC}") = "6.Animals", "6.Animals\6.Animals.csproj", "{31B82463-3BEC-41FB-B32D-F9196AAA8819}"
EndProject
Global
	GlobalSection(SolutionConfigurationPlatforms) = preSolution
		Debug|Any CPU = Debug|Any CPU
		Release|Any CPU = Release|Any CPU
	EndGlobalSection
	GlobalSection(ProjectConfigurationPlatforms) = postSolution
		{0820A444-D532-4F4D-A7A7-9D5912C19441}.Debug|Any CPU.ActiveCfg = Debug|Any CPU
		{0820A444-D532-4F4D-A7A7-9D5912C19441}.Debug|Any CPU.Build.0 = Debug|Any CPU
		{0820A444-D532-4F4D-A7A7-9D5912C19441}.Release|Any CPU.ActiveCfg = Release|Any CPU
		{0820A444-D532-4F4D-A7A7-9D5912C19441}.Release|Any CPU.Build.0 = Release|Any CPU
		{13E90743-19AC-4DDE-9D10-1EEB395F1CFD}.Debug|Any CPU.ActiveCfg = Debug|Any CPU
		{13E90743-19AC-4DDE-9D10-1EEB395F1CFD}.Debug|Any CPU.Build.0 = Debug|Any CPU
		{13E90743-19AC-4DDE-9D10-1EEB395F1CFD}.Release|Any CPU.ActiveCfg = Release|Any CPU
		{13E90743-19AC-4DDE-9D10-1EEB395F1CFD}.Release|Any CPU.Build.0 = Release|Any CPU
		{FB7DC2E7-3FA2-4496-B377-DD8D67F81EC3}.Debug|Any CPU.ActiveCfg = Debug|Any CPU
		{FB7DC2E7-3FA2-4496-B377-DD8D67F81EC3}.Debug|Any CPU.Build.0 = Debug|Any CPU
		{FB7DC2E7-3FA2-4496-B377-DD8D67F81EC3}.Release|Any CPU.ActiveCfg = Release|Any CPU
		{FB7DC2E7-3FA2-4496-B377-DD8D67F81EC3}.Release|Any CPU.Build.0 = Release|Any CPU
		{F8CC9C11-B8C3-4CA2-839B-CE3249F62AB6}.Debug|Any CPU.ActiveCfg = Debug|Any CPU
		{F8CC9C11-B8C3-4CA2-839B-CE3249F62AB6}.Debug|Any CPU.Build.0 = Debug|Any CPU
		{F8CC9C11-B8C3-4CA2-839B-CE3249F62AB6}.Release|Any CPU.ActiveCfg = Release|Any CPU
		{F8CC9C11-B8C3-4CA2-839B-CE3249F62AB6}.Release|Any CPU.Build.0 = Release|Any CPU
		{E3B93AE4-862E-4B3C-8CE0-2331C361B553}.Debug|Any CPU.ActiveCfg = Debug|Any CPU
		{E3B93AE4-862E-4B3C-8CE0-2331C361B553}.Debug|Any CPU.Build.0 = Debug|Any CPU
		{E3B93AE4-862E-4B3C-8CE0-2331C361B553}.Release|Any CPU.ActiveCfg = Release|Any CPU
		{E3B93AE4-862E-4B3C-8CE0-2331C361B553}.Release|Any CPU.Build.0 = Release|Any CPU
		{31B82463-3BEC-41FB-B32D-F9196AAA8819}.Debug|Any CPU.ActiveCfg = Debug|Any CPU
		{31B82463-3BEC-41FB-B32D-F9196AAA8819}.Debug|Any CPU.Build.0 = Debug|Any CPU
		{31B82463-3BEC-41FB-B32D-F9196AAA8819}.Release|Any CPU.ActiveCfg = Release|Any CPU
		{31B82463-3BEC-41FB-B32D-F9196AAA8819}.Release|Any CPU.Build.0 = Release|Any CPU
	EndGlobalSection
	GlobalSection(SolutionProperties) = preSolution
		HideSolutionNode = FALSE
	EndGlobalSection
	GlobalSection(ExtensibilityGlobals) = postSolution
		SolutionGuid = {61990996-6649-4B7E-9389-0392A491EB1F}
	EndGlobalSection
EndGlobal
