
Microsoft Visual Studio Solution File, Format Version 12.00
# Visual Studio Version 16
VisualStudioVersion = 16.0.30503.244
MinimumVisualStudioVersion = 10.0.40219.1
Project("{FAE04EC0-301F-11D3-BF4B-00C04F79EFBC}") = "BoxOfT", "Generic\BoxOfT.csproj", "{812B8D1C-8912-4B99-9974-CC4A92FB3EC6}"
EndProject
Project("{FAE04EC0-301F-11D3-BF4B-00C04F79EFBC}") = "GenericArrayCreator", "GenericArrayCreator\GenericArrayCreator.csproj", "{B3534802-9569-4435-8F81-9F18C18D11AA}"
EndProject
Project("{FAE04EC0-301F-11D3-BF4B-00C04F79EFBC}") = "GenericScale", "GenericScale\GenericScale.csproj", "{B6C33178-A773-4387-BC94-16CDC1F743F4}"
EndProject
Global
	GlobalSection(SolutionConfigurationPlatforms) = preSolution
		Debug|Any CPU = Debug|Any CPU
		Release|Any CPU = Release|Any CPU
	EndGlobalSection
	GlobalSection(ProjectConfigurationPlatforms) = postSolution
		{812B8D1C-8912-4B99-9974-CC4A92FB3EC6}.Debug|Any CPU.ActiveCfg = Debug|Any CPU
		{812B8D1C-8912-4B99-9974-CC4A92FB3EC6}.Debug|Any CPU.Build.0 = Debug|Any CPU
		{812B8D1C-8912-4B99-9974-CC4A92FB3EC6}.Release|Any CPU.ActiveCfg = Release|Any CPU
		{812B8D1C-8912-4B99-9974-CC4A92FB3EC6}.Release|Any CPU.Build.0 = Release|Any CPU
		{B3534802-9569-4435-8F81-9F18C18D11AA}.Debug|Any CPU.ActiveCfg = Debug|Any CPU
		{B3534802-9569-4435-8F81-9F18C18D11AA}.Debug|Any CPU.Build.0 = Debug|Any CPU
		{B3534802-9569-4435-8F81-9F18C18D11AA}.Release|Any CPU.ActiveCfg = Release|Any CPU
		{B3534802-9569-4435-8F81-9F18C18D11AA}.Release|Any CPU.Build.0 = Release|Any CPU
		{B6C33178-A773-4387-BC94-16CDC1F743F4}.Debug|Any CPU.ActiveCfg = Debug|Any CPU
		{B6C33178-A773-4387-BC94-16CDC1F743F4}.Debug|Any CPU.Build.0 = Debug|Any CPU
		{B6C33178-A773-4387-BC94-16CDC1F743F4}.Release|Any CPU.ActiveCfg = Release|Any CPU
		{B6C33178-A773-4387-BC94-16CDC1F743F4}.Release|Any CPU.Build.0 = Release|Any CPU
	EndGlobalSection
	GlobalSection(SolutionProperties) = preSolution
		HideSolutionNode = FALSE
	EndGlobalSection
	GlobalSection(ExtensibilityGlobals) = postSolution
		SolutionGuid = {2347F32F-6DE4-4172-9BA7-9E9B8885CE1A}
	EndGlobalSection
EndGlobal
