
Microsoft Visual Studio Solution File, Format Version 12.00
# Visual Studio Version 16
VisualStudioVersion = 16.0.30503.244
MinimumVisualStudioVersion = 10.0.40219.1
Project("{FAE04EC0-301F-11D3-BF4B-00C04F79EFBC}") = "Bombs", "ExamPreparation16December\Bombs.csproj", "{3C067B09-D38C-4E3E-965A-D2A22B5456B0}"
EndProject
Project("{FAE04EC0-301F-11D3-BF4B-00C04F79EFBC}") = "Parking", "Selling\Parking.csproj", "{4C49808F-81D1-4BA1-9F68-5937D18C5130}"
EndProject
Project("{FAE04EC0-301F-11D3-BF4B-00C04F79EFBC}") = "Snake", "Opening\Snake.csproj", "{2F3B23FC-8635-4B5F-8955-B1AE860158CC}"
EndProject
Global
	GlobalSection(SolutionConfigurationPlatforms) = preSolution
		Debug|Any CPU = Debug|Any CPU
		Release|Any CPU = Release|Any CPU
	EndGlobalSection
	GlobalSection(ProjectConfigurationPlatforms) = postSolution
		{3C067B09-D38C-4E3E-965A-D2A22B5456B0}.Debug|Any CPU.ActiveCfg = Debug|Any CPU
		{3C067B09-D38C-4E3E-965A-D2A22B5456B0}.Debug|Any CPU.Build.0 = Debug|Any CPU
		{3C067B09-D38C-4E3E-965A-D2A22B5456B0}.Release|Any CPU.ActiveCfg = Release|Any CPU
		{3C067B09-D38C-4E3E-965A-D2A22B5456B0}.Release|Any CPU.Build.0 = Release|Any CPU
		{4C49808F-81D1-4BA1-9F68-5937D18C5130}.Debug|Any CPU.ActiveCfg = Debug|Any CPU
		{4C49808F-81D1-4BA1-9F68-5937D18C5130}.Debug|Any CPU.Build.0 = Debug|Any CPU
		{4C49808F-81D1-4BA1-9F68-5937D18C5130}.Release|Any CPU.ActiveCfg = Release|Any CPU
		{4C49808F-81D1-4BA1-9F68-5937D18C5130}.Release|Any CPU.Build.0 = Release|Any CPU
		{2F3B23FC-8635-4B5F-8955-B1AE860158CC}.Debug|Any CPU.ActiveCfg = Debug|Any CPU
		{2F3B23FC-8635-4B5F-8955-B1AE860158CC}.Debug|Any CPU.Build.0 = Debug|Any CPU
		{2F3B23FC-8635-4B5F-8955-B1AE860158CC}.Release|Any CPU.ActiveCfg = Release|Any CPU
		{2F3B23FC-8635-4B5F-8955-B1AE860158CC}.Release|Any CPU.Build.0 = Release|Any CPU
	EndGlobalSection
	GlobalSection(SolutionProperties) = preSolution
		HideSolutionNode = FALSE
	EndGlobalSection
	GlobalSection(ExtensibilityGlobals) = postSolution
		SolutionGuid = {E42764C4-C752-4894-B1A7-71FA654A03F4}
	EndGlobalSection
EndGlobal
